
Microsoft Visual Studio Solution File, Format Version 12.00
# Visual Studio Version 17
VisualStudioVersion = 17.9.34622.214
MinimumVisualStudioVersion = 10.0.40219.1
Project("{8BC9CEB8-8B4A-11D0-8D11-00A0C91BC942}") = "ObjectOrientedProgram", "ObjectOrientedProgram\ObjectOrientedProgram.vcxproj", "{BB1C9903-99CB-4B12-9661-8141B8A1317F}"
EndProject
Project("{8BC9CEB8-8B4A-11D0-8D11-00A0C91BC942}") = "OOPBangunDatar", "OOPBangunDatar\OOPBangunDatar.vcxproj", "{3018C754-7DFB-42F8-A4C7-A08F52790C6C}"
EndProject
Global
	GlobalSection(SolutionConfigurationPlatforms) = preSolution
		Debug|ARM64 = Debug|ARM64
		Debug|x64 = Debug|x64
		Debug|x86 = Debug|x86
		Release|ARM64 = Release|ARM64
		Release|x64 = Release|x64
		Release|x86 = Release|x86
	EndGlobalSection
	GlobalSection(ProjectConfigurationPlatforms) = postSolution
		{BB1C9903-99CB-4B12-9661-8141B8A1317F}.Debug|ARM64.ActiveCfg = Debug|ARM64
		{BB1C9903-99CB-4B12-9661-8141B8A1317F}.Debug|ARM64.Build.0 = Debug|ARM64
		{BB1C9903-99CB-4B12-9661-8141B8A1317F}.Debug|x64.ActiveCfg = Debug|x64
		{BB1C9903-99CB-4B12-9661-8141B8A1317F}.Debug|x64.Build.0 = Debug|x64
		{BB1C9903-99CB-4B12-9661-8141B8A1317F}.Debug|x86.ActiveCfg = Debug|Win32
		{BB1C9903-99CB-4B12-9661-8141B8A1317F}.Debug|x86.Build.0 = Debug|Win32
		{BB1C9903-99CB-4B12-9661-8141B8A1317F}.Release|ARM64.ActiveCfg = Release|ARM64
		{BB1C9903-99CB-4B12-9661-8141B8A1317F}.Release|ARM64.Build.0 = Release|ARM64
		{BB1C9903-99CB-4B12-9661-8141B8A1317F}.Release|x64.ActiveCfg = Release|x64
		{BB1C9903-99CB-4B12-9661-8141B8A1317F}.Release|x64.Build.0 = Release|x64
		{BB1C9903-99CB-4B12-9661-8141B8A1317F}.Release|x86.ActiveCfg = Release|Win32
		{BB1C9903-99CB-4B12-9661-8141B8A1317F}.Release|x86.Build.0 = Release|Win32
		{3018C754-7DFB-42F8-A4C7-A08F52790C6C}.Debug|ARM64.ActiveCfg = Debug|ARM64
		{3018C754-7DFB-42F8-A4C7-A08F52790C6C}.Debug|ARM64.Build.0 = Debug|ARM64
		{3018C754-7DFB-42F8-A4C7-A08F52790C6C}.Debug|x64.ActiveCfg = Debug|x64
		{3018C754-7DFB-42F8-A4C7-A08F52790C6C}.Debug|x64.Build.0 = Debug|x64
		{3018C754-7DFB-42F8-A4C7-A08F52790C6C}.Debug|x86.ActiveCfg = Debug|Win32
		{3018C754-7DFB-42F8-A4C7-A08F52790C6C}.Debug|x86.Build.0 = Debug|Win32
		{3018C754-7DFB-42F8-A4C7-A08F52790C6C}.Release|ARM64.ActiveCfg = Release|ARM64
		{3018C754-7DFB-42F8-A4C7-A08F52790C6C}.Release|ARM64.Build.0 = Release|ARM64
		{3018C754-7DFB-42F8-A4C7-A08F52790C6C}.Release|x64.ActiveCfg = Release|x64
		{3018C754-7DFB-42F8-A4C7-A08F52790C6C}.Release|x64.Build.0 = Release|x64
		{3018C754-7DFB-42F8-A4C7-A08F52790C6C}.Release|x86.ActiveCfg = Release|Win32
		{3018C754-7DFB-42F8-A4C7-A08F52790C6C}.Release|x86.Build.0 = Release|Win32
	EndGlobalSection
	GlobalSection(SolutionProperties) = preSolution
		HideSolutionNode = FALSE
	EndGlobalSection
	GlobalSection(ExtensibilityGlobals) = postSolution
		SolutionGuid = {53FA4531-1BEC-4476-9C3B-64A9F3E066C1}
	EndGlobalSection
EndGlobal
